
Microsoft Visual Studio Solution File, Format Version 12.00
# Visual Studio 2012
Project("{8BC9CEB8-8B4A-11D0-8D11-00A0C91BC942}") = "ImWindow", "ImWindow\ImWindow.vcxproj", "{99AABCFD-6ED6-43E5-BD14-EFDC04CBE09F}"
EndProject
Project("{8BC9CEB8-8B4A-11D0-8D11-00A0C91BC942}") = "ImWindowDX11", "ImWindowDX11\ImWindowDX11.vcxproj", "{449C0C09-919A-4337-A09A-DFC2420A41B0}"
	ProjectSection(ProjectDependencies) = postProject
		{99AABCFD-6ED6-43E5-BD14-EFDC04CBE09F} = {99AABCFD-6ED6-43E5-BD14-EFDC04CBE09F}
	EndProjectSection
EndProject
Global
	GlobalSection(SolutionConfigurationPlatforms) = preSolution
		Debug|Win32 = Debug|Win32
		Debug|x64 = Debug|x64
		Release|Win32 = Release|Win32
		Release|x64 = Release|x64
	EndGlobalSection
	GlobalSection(ProjectConfigurationPlatforms) = postSolution
		{99AABCFD-6ED6-43E5-BD14-EFDC04CBE09F}.Debug|Win32.ActiveCfg = Debug|Win32
		{99AABCFD-6ED6-43E5-BD14-EFDC04CBE09F}.Debug|Win32.Build.0 = Debug|Win32
		{99AABCFD-6ED6-43E5-BD14-EFDC04CBE09F}.Debug|x64.ActiveCfg = Debug|x64
		{99AABCFD-6ED6-43E5-BD14-EFDC04CBE09F}.Debug|x64.Build.0 = Debug|x64
		{99AABCFD-6ED6-43E5-BD14-EFDC04CBE09F}.Release|Win32.ActiveCfg = Release|Win32
		{99AABCFD-6ED6-43E5-BD14-EFDC04CBE09F}.Release|Win32.Build.0 = Release|Win32
		{99AABCFD-6ED6-43E5-BD14-EFDC04CBE09F}.Release|x64.ActiveCfg = Release|x64
		{99AABCFD-6ED6-43E5-BD14-EFDC04CBE09F}.Release|x64.Build.0 = Release|x64
		{449C0C09-919A-4337-A09A-DFC2420A41B0}.Debug|Win32.ActiveCfg = Debug|Win32
		{449C0C09-919A-4337-A09A-DFC2420A41B0}.Debug|Win32.Build.0 = Debug|Win32
		{449C0C09-919A-4337-A09A-DFC2420A41B0}.Debug|x64.ActiveCfg = Debug|x64
		{449C0C09-919A-4337-A09A-DFC2420A41B0}.Debug|x64.Build.0 = Debug|x64
		{449C0C09-919A-4337-A09A-DFC2420A41B0}.Release|Win32.ActiveCfg = Release|Win32
		{449C0C09-919A-4337-A09A-DFC2420A41B0}.Release|Win32.Build.0 = Release|Win32
		{449C0C09-919A-4337-A09A-DFC2420A41B0}.Release|x64.ActiveCfg = Release|x64
		{449C0C09-919A-4337-A09A-DFC2420A41B0}.Release|x64.Build.0 = Release|x64
	EndGlobalSection
	GlobalSection(SolutionProperties) = preSolution
		HideSolutionNode = FALSE
	EndGlobalSection
EndGlobal
